// !$*UTF8*$!
{
	archiveVersion = 1;
	classes = {
	};
	objectVersion = 46;
	objects = {

/* Begin PBXBuildFile section */
		B177D62D195A37F400DB351F /* NDHpple.swift in Sources */ = {isa = PBXBuildFile; fileRef = B177D62A195A37F400DB351F /* NDHpple.swift */; };
		B177D62E195A37F400DB351F /* NDHppleElement.swift in Sources */ = {isa = PBXBuildFile; fileRef = B177D62B195A37F400DB351F /* NDHppleElement.swift */; };
		B177D62F195A37F400DB351F /* XPathQuery.swift in Sources */ = {isa = PBXBuildFile; fileRef = B177D62C195A37F400DB351F /* XPathQuery.swift */; };
		B1F43AA919597B4A00063BD0 /* AppDelegate.swift in Sources */ = {isa = PBXBuildFile; fileRef = B1F43AA819597B4A00063BD0 /* AppDelegate.swift */; };
		B1F43AAB19597B4A00063BD0 /* Images.xcassets in Resources */ = {isa = PBXBuildFile; fileRef = B1F43AAA19597B4A00063BD0 /* Images.xcassets */; };
/* End PBXBuildFile section */

/* Begin PBXFileReference section */
		B177D629195A37F400DB351F /* NDHpple-Bridging-Header.h */ = {isa = PBXFileReference; fileEncoding = 4; lastKnownFileType = sourcecode.c.h; path = "NDHpple-Bridging-Header.h"; sourceTree = "<group>"; };
		B177D62A195A37F400DB351F /* NDHpple.swift */ = {isa = PBXFileReference; fileEncoding = 4; lastKnownFileType = sourcecode.swift; path = NDHpple.swift; sourceTree = "<group>"; };
		B177D62B195A37F400DB351F /* NDHppleElement.swift */ = {isa = PBXFileReference; fileEncoding = 4; lastKnownFileType = sourcecode.swift; path = NDHppleElement.swift; sourceTree = "<group>"; };
		B177D62C195A37F400DB351F /* XPathQuery.swift */ = {isa = PBXFileReference; fileEncoding = 4; lastKnownFileType = sourcecode.swift; path = XPathQuery.swift; sourceTree = "<group>"; };
		B1F43AA319597B4A00063BD0 /* NDHpple.app */ = {isa = PBXFileReference; explicitFileType = wrapper.application; includeInIndex = 0; path = NDHpple.app; sourceTree = BUILT_PRODUCTS_DIR; };
		B1F43AA719597B4A00063BD0 /* Info.plist */ = {isa = PBXFileReference; lastKnownFileType = text.plist.xml; path = Info.plist; sourceTree = "<group>"; };
		B1F43AA819597B4A00063BD0 /* AppDelegate.swift */ = {isa = PBXFileReference; lastKnownFileType = sourcecode.swift; path = AppDelegate.swift; sourceTree = "<group>"; };
		B1F43AAA19597B4A00063BD0 /* Images.xcassets */ = {isa = PBXFileReference; lastKnownFileType = folder.assetcatalog; path = Images.xcassets; sourceTree = "<group>"; };
/* End PBXFileReference section */

/* Begin PBXFrameworksBuildPhase section */
		B1F43AA019597B4A00063BD0 /* Frameworks */ = {
			isa = PBXFrameworksBuildPhase;
			buildActionMask = 2147483647;
			files = (
			);
			runOnlyForDeploymentPostprocessing = 0;
		};
/* End PBXFrameworksBuildPhase section */

/* Begin PBXGroup section */
		B177D628195A37F400DB351F /* NDHpple */ = {
			isa = PBXGroup;
			children = (
				B177D629195A37F400DB351F /* NDHpple-Bridging-Header.h */,
				B177D62A195A37F400DB351F /* NDHpple.swift */,
				B177D62B195A37F400DB351F /* NDHppleElement.swift */,
				B177D62C195A37F400DB351F /* XPathQuery.swift */,
			);
			path = NDHpple;
			sourceTree = "<group>";
		};
		B1F43A9A19597B4A00063BD0 = {
			isa = PBXGroup;
			children = (
				B1F43AA519597B4A00063BD0 /* NDHpple */,
				B1F43AA419597B4A00063BD0 /* Products */,
			);
			sourceTree = "<group>";
		};
		B1F43AA419597B4A00063BD0 /* Products */ = {
			isa = PBXGroup;
			children = (
				B1F43AA319597B4A00063BD0 /* NDHpple.app */,
			);
			name = Products;
			sourceTree = "<group>";
		};
		B1F43AA519597B4A00063BD0 /* NDHpple */ = {
			isa = PBXGroup;
			children = (
				B177D628195A37F400DB351F /* NDHpple */,
				B1F43AA819597B4A00063BD0 /* AppDelegate.swift */,
				B1F43AAA19597B4A00063BD0 /* Images.xcassets */,
				B1F43AA619597B4A00063BD0 /* Supporting Files */,
			);
			path = NDHpple;
			sourceTree = "<group>";
		};
		B1F43AA619597B4A00063BD0 /* Supporting Files */ = {
			isa = PBXGroup;
			children = (
				B1F43AA719597B4A00063BD0 /* Info.plist */,
			);
			name = "Supporting Files";
			sourceTree = "<group>";
		};
/* End PBXGroup section */

/* Begin PBXNativeTarget section */
		B1F43AA219597B4A00063BD0 /* NDHpple */ = {
			isa = PBXNativeTarget;
			buildConfigurationList = B1F43ABA19597B4A00063BD0 /* Build configuration list for PBXNativeTarget "NDHpple" */;
			buildPhases = (
				B1F43A9F19597B4A00063BD0 /* Sources */,
				B1F43AA019597B4A00063BD0 /* Frameworks */,
				B1F43AA119597B4A00063BD0 /* Resources */,
			);
			buildRules = (
			);
			dependencies = (
			);
			name = NDHpple;
			productName = NDHpple;
			productReference = B1F43AA319597B4A00063BD0 /* NDHpple.app */;
			productType = "com.apple.product-type.application";
		};
/* End PBXNativeTarget section */

/* Begin PBXProject section */
		B1F43A9B19597B4A00063BD0 /* Project object */ = {
			isa = PBXProject;
			attributes = {
				LastUpgradeCheck = 0600;
				ORGANIZATIONNAME = "Nicolai Davidsson";
				TargetAttributes = {
					B1F43AA219597B4A00063BD0 = {
						CreatedOnToolsVersion = 6.0;
					};
				};
			};
			buildConfigurationList = B1F43A9E19597B4A00063BD0 /* Build configuration list for PBXProject "NDHpple" */;
			compatibilityVersion = "Xcode 3.2";
			developmentRegion = English;
			hasScannedForEncodings = 0;
			knownRegions = (
				en,
			);
			mainGroup = B1F43A9A19597B4A00063BD0;
			productRefGroup = B1F43AA419597B4A00063BD0 /* Products */;
			projectDirPath = "";
			projectRoot = "";
			targets = (
				B1F43AA219597B4A00063BD0 /* NDHpple */,
			);
		};
/* End PBXProject section */

/* Begin PBXResourcesBuildPhase section */
		B1F43AA119597B4A00063BD0 /* Resources */ = {
			isa = PBXResourcesBuildPhase;
			buildActionMask = 2147483647;
			files = (
				B1F43AAB19597B4A00063BD0 /* Images.xcassets in Resources */,
			);
			runOnlyForDeploymentPostprocessing = 0;
		};
/* End PBXResourcesBuildPhase section */

/* Begin PBXSourcesBuildPhase section */
		B1F43A9F19597B4A00063BD0 /* Sources */ = {
			isa = PBXSourcesBuildPhase;
			buildActionMask = 2147483647;
			files = (
				B1F43AA919597B4A00063BD0 /* AppDelegate.swift in Sources */,
				B177D62D195A37F400DB351F /* NDHpple.swift in Sources */,
				B177D62F195A37F400DB351F /* XPathQuery.swift in Sources */,
				B177D62E195A37F400DB351F /* NDHppleElement.swift in Sources */,
			);
			runOnlyForDeploymentPostprocessing = 0;
		};
/* End PBXSourcesBuildPhase section */

/* Begin XCBuildConfiguration section */
		B1F43AB819597B4A00063BD0 /* Debug */ = {
			isa = XCBuildConfiguration;
			buildSettings = {
				ALWAYS_SEARCH_USER_PATHS = NO;
				CLANG_CXX_LANGUAGE_STANDARD = "gnu++0x";
				CLANG_CXX_LIBRARY = "libc++";
				CLANG_ENABLE_MODULES = YES;
				CLANG_ENABLE_OBJC_ARC = YES;
				CLANG_WARN_BOOL_CONVERSION = YES;
				CLANG_WARN_CONSTANT_CONVERSION = YES;
				CLANG_WARN_DIRECT_OBJC_ISA_USAGE = YES_ERROR;
				CLANG_WARN_EMPTY_BODY = YES;
				CLANG_WARN_ENUM_CONVERSION = YES;
				CLANG_WARN_INT_CONVERSION = YES;
				CLANG_WARN_OBJC_ROOT_CLASS = YES_ERROR;
				CLANG_WARN_UNREACHABLE_CODE = YES;
				CLANG_WARN__DUPLICATE_METHOD_MATCH = YES;
				"CODE_SIGN_IDENTITY[sdk=iphoneos*]" = "iPhone Developer";
				COPY_PHASE_STRIP = NO;
				ENABLE_STRICT_OBJC_MSGSEND = YES;
				GCC_C_LANGUAGE_STANDARD = gnu99;
				GCC_DYNAMIC_NO_PIC = NO;
				GCC_OPTIMIZATION_LEVEL = 0;
				GCC_PREPROCESSOR_DEFINITIONS = (
					"DEBUG=1",
					"$(inherited)",
				);
				GCC_SYMBOLS_PRIVATE_EXTERN = NO;
				GCC_WARN_64_TO_32_BIT_CONVERSION = YES;
				GCC_WARN_ABOUT_RETURN_TYPE = YES_ERROR;
				GCC_WARN_UNDECLARED_SELECTOR = YES;
				GCC_WARN_UNINITIALIZED_AUTOS = YES_AGGRESSIVE;
				GCC_WARN_UNUSED_FUNCTION = YES;
				GCC_WARN_UNUSED_VARIABLE = YES;
				IPHONEOS_DEPLOYMENT_TARGET = 8.0;
				METAL_ENABLE_DEBUG_INFO = YES;
				ONLY_ACTIVE_ARCH = YES;
				SDKROOT = iphoneos;
				SWIFT_OPTIMIZATION_LEVEL = "-Onone";
			};
			name = Debug;
		};
		B1F43AB919597B4A00063BD0 /* Release */ = {
			isa = XCBuildConfiguration;
			buildSettings = {
				ALWAYS_SEARCH_USER_PATHS = NO;
				CLANG_CXX_LANGUAGE_STANDARD = "gnu++0x";
				CLANG_CXX_LIBRARY = "libc++";
				CLANG_ENABLE_MODULES = YES;
				CLANG_ENABLE_OBJC_ARC = YES;
				CLANG_WARN_BOOL_CONVERSION = YES;
				CLANG_WARN_CONSTANT_CONVERSION = YES;
				CLANG_WARN_DIRECT_OBJC_ISA_USAGE = YES_ERROR;
				CLANG_WARN_EMPTY_BODY = YES;
				CLANG_WARN_ENUM_CONVERSION = YES;
				CLANG_WARN_INT_CONVERSION = YES;
				CLANG_WARN_OBJC_ROOT_CLASS = YES_ERROR;
				CLANG_WARN_UNREACHABLE_CODE = YES;
				CLANG_WARN__DUPLICATE_METHOD_MATCH = YES;
				"CODE_SIGN_IDENTITY[sdk=iphoneos*]" = "iPhone Developer";
				COPY_PHASE_STRIP = YES;
				ENABLE_NS_ASSERTIONS = NO;
				ENABLE_STRICT_OBJC_MSGSEND = YES;
				GCC_C_LANGUAGE_STANDARD = gnu99;
				GCC_WARN_64_TO_32_BIT_CONVERSION = YES;
				GCC_WARN_ABOUT_RETURN_TYPE = YES_ERROR;
				GCC_WARN_UNDECLARED_SELECTOR = YES;
				GCC_WARN_UNINITIALIZED_AUTOS = YES_AGGRESSIVE;
				GCC_WARN_UNUSED_FUNCTION = YES;
				GCC_WARN_UNUSED_VARIABLE = YES;
				IPHONEOS_DEPLOYMENT_TARGET = 8.0;
				METAL_ENABLE_DEBUG_INFO = NO;
				SDKROOT = iphoneos;
				VALIDATE_PRODUCT = YES;
			};
			name = Release;
		};
		B1F43ABB19597B4A00063BD0 /* Debug */ = {
			isa = XCBuildConfiguration;
			buildSettings = {
				ASSETCATALOG_COMPILER_APPICON_NAME = AppIcon;
				ASSETCATALOG_COMPILER_LAUNCHIMAGE_NAME = LaunchImage;
				HEADER_SEARCH_PATHS = (
					"$(inherited)",
					"/Applications/Xcode6-Beta2.app/Contents/Developer/Toolchains/XcodeDefault.xctoolchain/usr/include",
					"$(SDKROOT)/usr/include/libxml2",
				);
				INFOPLIST_FILE = NDHpple/Info.plist;
				LD_RUNPATH_SEARCH_PATHS = "$(inherited) @executable_path/Frameworks";
				OTHER_LDFLAGS = "-lxml2";
				PRODUCT_NAME = "$(TARGET_NAME)";
				SWIFT_OBJC_BRIDGING_HEADER = "NDHpple/NDHpple/NDHpple-Bridging-Header.h";
			};
			name = Debug;
		};
		B1F43ABC19597B4A00063BD0 /* Release */ = {
			isa = XCBuildConfiguration;
			buildSettings = {
				ASSETCATALOG_COMPILER_APPICON_NAME = AppIcon;
				ASSETCATALOG_COMPILER_LAUNCHIMAGE_NAME = LaunchImage;
				HEADER_SEARCH_PATHS = (
					"$(inherited)",
					"/Applications/Xcode6-Beta2.app/Contents/Developer/Toolchains/XcodeDefault.xctoolchain/usr/include",
					"$(SDKROOT)/usr/include/libxml2",
				);
				INFOPLIST_FILE = NDHpple/Info.plist;
				LD_RUNPATH_SEARCH_PATHS = "$(inherited) @executable_path/Frameworks";
				OTHER_LDFLAGS = "-lxml2";
				PRODUCT_NAME = "$(TARGET_NAME)";
				SWIFT_OBJC_BRIDGING_HEADER = "NDHpple/NDHpple/NDHpple-Bridging-Header.h";
			};
			name = Release;
		};
/* End XCBuildConfiguration section */

/* Begin XCConfigurationList section */
		B1F43A9E19597B4A00063BD0 /* Build configuration list for PBXProject "NDHpple" */ = {
			isa = XCConfigurationList;
			buildConfigurations = (
				B1F43AB819597B4A00063BD0 /* Debug */,
				B1F43AB919597B4A00063BD0 /* Release */,
			);
			defaultConfigurationIsVisible = 0;
			defaultConfigurationName = Release;
		};
		B1F43ABA19597B4A00063BD0 /* Build configuration list for PBXNativeTarget "NDHpple" */ = {
			isa = XCConfigurationList;
			buildConfigurations = (
				B1F43ABB19597B4A00063BD0 /* Debug */,
				B1F43ABC19597B4A00063BD0 /* Release */,
			);
			defaultConfigurationIsVisible = 0;
			defaultConfigurationName = Release;
		};
/* End XCConfigurationList section */
	};
	rootObject = B1F43A9B19597B4A00063BD0 /* Project object */;
}
